
Microsoft Visual Studio Solution File, Format Version 12.00
# Visual Studio Version 16
VisualStudioVersion = 16.0.30330.147
MinimumVisualStudioVersion = 10.0.40219.1
Project("{FAE04EC0-301F-11D3-BF4B-00C04F79EFBC}") = "AzureStorageConsole", "AzureBlobStorage\AzureStorageConsole.csproj", "{DE951F75-7F2B-4643-AAF3-192F0EDC8D73}"
EndProject
Global
	GlobalSection(SolutionConfigurationPlatforms) = preSolution
		Debug|Any CPU = Debug|Any CPU
		Release|Any CPU = Release|Any CPU
	EndGlobalSection
	GlobalSection(ProjectConfigurationPlatforms) = postSolution
		{DE951F75-7F2B-4643-AAF3-192F0EDC8D73}.Debug|Any CPU.ActiveCfg = Debug|Any CPU
		{DE951F75-7F2B-4643-AAF3-192F0EDC8D73}.Debug|Any CPU.Build.0 = Debug|Any CPU
		{DE951F75-7F2B-4643-AAF3-192F0EDC8D73}.Release|Any CPU.ActiveCfg = Release|Any CPU
		{DE951F75-7F2B-4643-AAF3-192F0EDC8D73}.Release|Any CPU.Build.0 = Release|Any CPU
	EndGlobalSection
	GlobalSection(SolutionProperties) = preSolution
		HideSolutionNode = FALSE
	EndGlobalSection
	GlobalSection(ExtensibilityGlobals) = postSolution
		SolutionGuid = {6DFE3AE2-1E7C-40A1-810D-5181FE957C3E}
	EndGlobalSection
EndGlobal
